
Microsoft Visual Studio Solution File, Format Version 12.00
# Visual Studio Version 16
VisualStudioVersion = 16.0.29009.5
MinimumVisualStudioVersion = 10.0.40219.1
Project("{FAE04EC0-301F-11D3-BF4B-00C04F79EFBC}") = "RedOnion", "RedOnion\RedOnion.csproj", "{3A40C452-1B11-4769-9D6B-FD318F2CB514}"
EndProject
Project("{FAE04EC0-301F-11D3-BF4B-00C04F79EFBC}") = "RedOnion.UI", "RedOnion.UI\RedOnion.UI.csproj", "{034C16AB-D16E-4AFE-9837-812499EE2F3D}"
EndProject
Project("{FAE04EC0-301F-11D3-BF4B-00C04F79EFBC}") = "RedOnion.Script", "RedOnion.Script\RedOnion.Script.csproj", "{0D0A04F3-0A82-49CD-8178-7640ACE88BFF}"
EndProject
Project("{FAE04EC0-301F-11D3-BF4B-00C04F79EFBC}") = "RedOnion.ScriptNUnit", "RedOnion.ScriptNUnit\RedOnion.ScriptNUnit.csproj", "{B705F43E-2E55-4309-9399-22608AB4F4B3}"
EndProject
Project("{FAE04EC0-301F-11D3-BF4B-00C04F79EFBC}") = "RedOnion.KSP", "RedOnion.KSP\RedOnion.KSP.csproj", "{DEC12E09-29AD-4666-9954-8C8A1D7BF454}"
EndProject
Project("{FAE04EC0-301F-11D3-BF4B-00C04F79EFBC}") = "Kerbalua", "Kerbalua\Kerbalua.csproj", "{F590B1DB-8F33-4986-8383-180952D63CDA}"
EndProject
Project("{2150E333-8FDC-42A3-9474-1A3956D46DE8}") = "Documents", "Documents", "{DE741118-9A60-4308-A521-1B73E6A56854}"
	ProjectSection(SolutionItems) = preProject
		LICENSE = LICENSE
		README.md = README.md
	EndProjectSection
EndProject
Project("{FAE04EC0-301F-11D3-BF4B-00C04F79EFBC}") = "KerbaluaNUnit", "KerbaluaNUnit\KerbaluaNUnit.csproj", "{756350DA-DC41-438F-A3E1-B09BCEBB7DBE}"
EndProject
Project("{2150E333-8FDC-42A3-9474-1A3956D46DE8}") = "Resources", "Resources", "{54E3F385-C4B1-4A7E-9299-DD5BF5D19204}"
	ProjectSection(SolutionItems) = preProject
		GameData\RedOnion\Resources\RedOnionLauncherIcon.png = GameData\RedOnion\Resources\RedOnionLauncherIcon.png
		GameData\RedOnion\Resources\WindowCloseButtonIcon.png = GameData\RedOnion\Resources\WindowCloseButtonIcon.png
	EndProjectSection
EndProject
Project("{FAE04EC0-301F-11D3-BF4B-00C04F79EFBC}") = "RedOnion.Shell", "RedOnion.Shell\RedOnion.Shell.csproj", "{94420503-B08C-4944-8820-D8596AEBACF2}"
EndProject
Project("{FAE04EC0-301F-11D3-BF4B-00C04F79EFBC}") = "RedOnion.Build", "RedOnion.Build\RedOnion.Build.csproj", "{976203CB-DAF8-4320-BA90-A3987EC0F82A}"
EndProject
Project("{FAE04EC0-301F-11D3-BF4B-00C04F79EFBC}") = "RedOnion.KSP.Tests", "RedOnion.KSP.Tests\RedOnion.KSP.Tests.csproj", "{7E7D0224-887F-4DFB-93C3-F3738440271A}"
EndProject
Project("{FAE04EC0-301F-11D3-BF4B-00C04F79EFBC}") = "RedOnion.ROS", "RedOnion.ROS\RedOnion.ROS.csproj", "{59399C9E-EBAC-4D7C-B2CB-6ECE22FE8D6E}"
EndProject
Project("{FAE04EC0-301F-11D3-BF4B-00C04F79EFBC}") = "RedOnion.ROS.Tests", "RedOnion.ROS.Tests\RedOnion.ROS.Tests.csproj", "{8EDF4429-251A-416D-BB68-93F227191BCF}"
EndProject
Project("{FAE04EC0-301F-11D3-BF4B-00C04F79EFBC}") = "LiveRepl", "LiveRepl\LiveRepl.csproj", "{9A325200-04F2-42D2-994E-06E7711EF9AA}"
EndProject
Project("{FAE04EC0-301F-11D3-BF4B-00C04F79EFBC}") = "RedOnion.OS", "RedOnion.OS\RedOnion.OS.csproj", "{3B9ED14D-ED22-4F94-91BF-951BF9B01552}"
EndProject
Global
	GlobalSection(SolutionConfigurationPlatforms) = preSolution
		Debug|Any CPU = Debug|Any CPU
		Release|Any CPU = Release|Any CPU
	EndGlobalSection
	GlobalSection(ProjectConfigurationPlatforms) = postSolution
		{3A40C452-1B11-4769-9D6B-FD318F2CB514}.Debug|Any CPU.ActiveCfg = Debug|Any CPU
		{3A40C452-1B11-4769-9D6B-FD318F2CB514}.Debug|Any CPU.Build.0 = Debug|Any CPU
		{3A40C452-1B11-4769-9D6B-FD318F2CB514}.Release|Any CPU.ActiveCfg = Release|Any CPU
		{3A40C452-1B11-4769-9D6B-FD318F2CB514}.Release|Any CPU.Build.0 = Release|Any CPU
		{034C16AB-D16E-4AFE-9837-812499EE2F3D}.Debug|Any CPU.ActiveCfg = Debug|Any CPU
		{034C16AB-D16E-4AFE-9837-812499EE2F3D}.Debug|Any CPU.Build.0 = Debug|Any CPU
		{034C16AB-D16E-4AFE-9837-812499EE2F3D}.Release|Any CPU.ActiveCfg = Release|Any CPU
		{034C16AB-D16E-4AFE-9837-812499EE2F3D}.Release|Any CPU.Build.0 = Release|Any CPU
		{0D0A04F3-0A82-49CD-8178-7640ACE88BFF}.Debug|Any CPU.ActiveCfg = Debug|Any CPU
		{0D0A04F3-0A82-49CD-8178-7640ACE88BFF}.Debug|Any CPU.Build.0 = Debug|Any CPU
		{0D0A04F3-0A82-49CD-8178-7640ACE88BFF}.Release|Any CPU.ActiveCfg = Release|Any CPU
		{0D0A04F3-0A82-49CD-8178-7640ACE88BFF}.Release|Any CPU.Build.0 = Release|Any CPU
		{B705F43E-2E55-4309-9399-22608AB4F4B3}.Debug|Any CPU.ActiveCfg = Debug|Any CPU
		{B705F43E-2E55-4309-9399-22608AB4F4B3}.Debug|Any CPU.Build.0 = Debug|Any CPU
		{B705F43E-2E55-4309-9399-22608AB4F4B3}.Release|Any CPU.ActiveCfg = Release|Any CPU
		{B705F43E-2E55-4309-9399-22608AB4F4B3}.Release|Any CPU.Build.0 = Release|Any CPU
		{DEC12E09-29AD-4666-9954-8C8A1D7BF454}.Debug|Any CPU.ActiveCfg = Debug|Any CPU
		{DEC12E09-29AD-4666-9954-8C8A1D7BF454}.Debug|Any CPU.Build.0 = Debug|Any CPU
		{DEC12E09-29AD-4666-9954-8C8A1D7BF454}.Release|Any CPU.ActiveCfg = Release|Any CPU
		{DEC12E09-29AD-4666-9954-8C8A1D7BF454}.Release|Any CPU.Build.0 = Release|Any CPU
		{F590B1DB-8F33-4986-8383-180952D63CDA}.Debug|Any CPU.ActiveCfg = Debug|Any CPU
		{F590B1DB-8F33-4986-8383-180952D63CDA}.Debug|Any CPU.Build.0 = Debug|Any CPU
		{F590B1DB-8F33-4986-8383-180952D63CDA}.Release|Any CPU.ActiveCfg = Release|Any CPU
		{F590B1DB-8F33-4986-8383-180952D63CDA}.Release|Any CPU.Build.0 = Release|Any CPU
		{756350DA-DC41-438F-A3E1-B09BCEBB7DBE}.Debug|Any CPU.ActiveCfg = Debug|Any CPU
		{756350DA-DC41-438F-A3E1-B09BCEBB7DBE}.Debug|Any CPU.Build.0 = Debug|Any CPU
		{756350DA-DC41-438F-A3E1-B09BCEBB7DBE}.Release|Any CPU.ActiveCfg = Release|Any CPU
		{756350DA-DC41-438F-A3E1-B09BCEBB7DBE}.Release|Any CPU.Build.0 = Release|Any CPU
		{94420503-B08C-4944-8820-D8596AEBACF2}.Debug|Any CPU.ActiveCfg = Debug|Any CPU
		{94420503-B08C-4944-8820-D8596AEBACF2}.Debug|Any CPU.Build.0 = Debug|Any CPU
		{94420503-B08C-4944-8820-D8596AEBACF2}.Release|Any CPU.ActiveCfg = Release|Any CPU
		{94420503-B08C-4944-8820-D8596AEBACF2}.Release|Any CPU.Build.0 = Release|Any CPU
		{976203CB-DAF8-4320-BA90-A3987EC0F82A}.Debug|Any CPU.ActiveCfg = Debug|Any CPU
		{976203CB-DAF8-4320-BA90-A3987EC0F82A}.Debug|Any CPU.Build.0 = Debug|Any CPU
		{976203CB-DAF8-4320-BA90-A3987EC0F82A}.Release|Any CPU.ActiveCfg = Release|Any CPU
		{976203CB-DAF8-4320-BA90-A3987EC0F82A}.Release|Any CPU.Build.0 = Release|Any CPU
		{7E7D0224-887F-4DFB-93C3-F3738440271A}.Debug|Any CPU.ActiveCfg = Debug|Any CPU
		{7E7D0224-887F-4DFB-93C3-F3738440271A}.Debug|Any CPU.Build.0 = Debug|Any CPU
		{7E7D0224-887F-4DFB-93C3-F3738440271A}.Release|Any CPU.ActiveCfg = Release|Any CPU
		{7E7D0224-887F-4DFB-93C3-F3738440271A}.Release|Any CPU.Build.0 = Release|Any CPU
		{59399C9E-EBAC-4D7C-B2CB-6ECE22FE8D6E}.Debug|Any CPU.ActiveCfg = Debug|Any CPU
		{59399C9E-EBAC-4D7C-B2CB-6ECE22FE8D6E}.Debug|Any CPU.Build.0 = Debug|Any CPU
		{59399C9E-EBAC-4D7C-B2CB-6ECE22FE8D6E}.Release|Any CPU.ActiveCfg = Release|Any CPU
		{59399C9E-EBAC-4D7C-B2CB-6ECE22FE8D6E}.Release|Any CPU.Build.0 = Release|Any CPU
		{8EDF4429-251A-416D-BB68-93F227191BCF}.Debug|Any CPU.ActiveCfg = Debug|Any CPU
		{8EDF4429-251A-416D-BB68-93F227191BCF}.Debug|Any CPU.Build.0 = Debug|Any CPU
		{8EDF4429-251A-416D-BB68-93F227191BCF}.Release|Any CPU.ActiveCfg = Release|Any CPU
		{8EDF4429-251A-416D-BB68-93F227191BCF}.Release|Any CPU.Build.0 = Release|Any CPU
		{9A325200-04F2-42D2-994E-06E7711EF9AA}.Debug|Any CPU.ActiveCfg = Debug|Any CPU
		{9A325200-04F2-42D2-994E-06E7711EF9AA}.Debug|Any CPU.Build.0 = Debug|Any CPU
		{9A325200-04F2-42D2-994E-06E7711EF9AA}.Release|Any CPU.ActiveCfg = Release|Any CPU
		{9A325200-04F2-42D2-994E-06E7711EF9AA}.Release|Any CPU.Build.0 = Release|Any CPU
		{3B9ED14D-ED22-4F94-91BF-951BF9B01552}.Debug|Any CPU.ActiveCfg = Debug|Any CPU
		{3B9ED14D-ED22-4F94-91BF-951BF9B01552}.Debug|Any CPU.Build.0 = Debug|Any CPU
		{3B9ED14D-ED22-4F94-91BF-951BF9B01552}.Release|Any CPU.ActiveCfg = Release|Any CPU
		{3B9ED14D-ED22-4F94-91BF-951BF9B01552}.Release|Any CPU.Build.0 = Release|Any CPU
	EndGlobalSection
	GlobalSection(SolutionProperties) = preSolution
		HideSolutionNode = FALSE
	EndGlobalSection
	GlobalSection(ExtensibilityGlobals) = postSolution
		SolutionGuid = {DC4A6940-6D30-489A-8A9E-D0057E2BD3A7}
	EndGlobalSection
	GlobalSection(MonoDevelopProperties) = preSolution
		version = 0.3.0
	EndGlobalSection
EndGlobal
